
Microsoft Visual Studio Solution File, Format Version 12.00
# Visual Studio 14
VisualStudioVersion = 14.0.23107.0
MinimumVisualStudioVersion = 10.0.40219.1
Project("{2150E333-8FDC-42A3-9474-1A3956D46DE8}") = "初级玩法demo之mvc简单三层", "初级玩法demo之mvc简单三层", "{1ED5C027-1408-4E1D-822F-233F3B25C38D}"
EndProject
Project("{2150E333-8FDC-42A3-9474-1A3956D46DE8}") = "中级玩法demo之repository", "中级玩法demo之repository", "{FE2E38CF-146F-4E83-B668-0844C128021A}"
EndProject
Project("{2150E333-8FDC-42A3-9474-1A3956D46DE8}") = "高级玩法demo之分布式应用_插件式开发", "高级玩法demo之分布式应用_插件式开发", "{EBB57C0A-F81A-448F-BA3F-05CE30721A90}"
EndProject
Project("{2150E333-8FDC-42A3-9474-1A3956D46DE8}") = ".Net2.0", ".Net2.0", "{BB6C1E5E-4C7D-4514-80F1-35E1BFBFF16D}"
EndProject
Project("{2150E333-8FDC-42A3-9474-1A3956D46DE8}") = ".Net3.5", ".Net3.5", "{5C960AAC-476F-44BF-9D17-D540CCEEC4EB}"
EndProject
Project("{FAE04EC0-301F-11D3-BF4B-00C04F79EFBC}") = "Dos.ORM", "Dos.ORM.csproj", "{4BEF1983-F275-4807-96EA-25B973BD6E94}"
EndProject
Project("{FAE04EC0-301F-11D3-BF4B-00C04F79EFBC}") = "Dos.ORM.MySql", "Dos.ORM.MySql\Dos.ORM.MySql.csproj", "{54954798-4117-45FE-92F8-2B32A62E7FBC}"
EndProject
Project("{FAE04EC0-301F-11D3-BF4B-00C04F79EFBC}") = "Dos.ORM.Sqlite", "Dos.ORM.Sqlite\Dos.ORM.Sqlite.csproj", "{7A0CBBA2-6322-4765-8A68-24AF58C24F79}"
EndProject
Project("{FAE04EC0-301F-11D3-BF4B-00C04F79EFBC}") = "UI", "Demo在这里\初级玩法demo之mvc简单三层\UI\UI.csproj", "{480F951D-51F6-4A27-88CA-AF50E9EE3474}"
EndProject
Project("{FAE04EC0-301F-11D3-BF4B-00C04F79EFBC}") = "Business", "Demo在这里\初级玩法demo之mvc简单三层\Business\Business.csproj", "{EB7A463E-F934-4697-9081-68179A4A1BE1}"
EndProject
Project("{FAE04EC0-301F-11D3-BF4B-00C04F79EFBC}") = "Model", "Demo在这里\初级玩法demo之mvc简单三层\Model\Model.csproj", "{657E4ECD-3CB3-4D79-9393-A2A774B78513}"
EndProject
Project("{FAE04EC0-301F-11D3-BF4B-00C04F79EFBC}") = "DataAccess", "Demo在这里\中级玩法demo之repository\DataAccess\DataAccess.csproj", "{4B475ED6-5540-42F5-AC03-640FA3F66376}"
EndProject
Project("{FAE04EC0-301F-11D3-BF4B-00C04F79EFBC}") = "Common", "Demo在这里\中级玩法demo之repository\Common\Common.csproj", "{8FDF9BF2-FFD2-419C-91BF-A6E4E7A38334}"
EndProject
Project("{FAE04EC0-301F-11D3-BF4B-00C04F79EFBC}") = "Dos.ORM.PostgreSql", "Dos.ORM.PostgreSql\Dos.ORM.PostgreSql.csproj", "{86F95784-A739-41EF-9724-909126C11800}"
EndProject
Project("{FAE04EC0-301F-11D3-BF4B-00C04F79EFBC}") = "UI", "Demo在这里\中级玩法demo之repository\UI\UI.csproj", "{5AA2EB95-E694-457A-807F-C65E2F7C4276}"
EndProject
Project("{FAE04EC0-301F-11D3-BF4B-00C04F79EFBC}") = "Business", "Demo在这里\中级玩法demo之repository\Business\Business.csproj", "{8CA9AAC3-E22E-4861-8595-A7C8E41F1B3A}"
EndProject
Project("{FAE04EC0-301F-11D3-BF4B-00C04F79EFBC}") = "DataAccess.Entities", "Demo在这里\中级玩法demo之repository\DataAccess.Entities\DataAccess.Entities.csproj", "{A5EDCC9F-49E2-4E2C-AB27-2144093F6EF5}"
EndProject
Project("{FAE04EC0-301F-11D3-BF4B-00C04F79EFBC}") = "DataCache", "Demo在这里\中级玩法demo之repository\DataCache\DataCache.csproj", "{CB0314A8-A758-43B1-A398-16BC8C9E4A1C}"
EndProject
Project("{FAE04EC0-301F-11D3-BF4B-00C04F79EFBC}") = "Dos.ORM", ".Net2.0\Dos.ORM\Dos.ORM.csproj", "{DE14FAC8-0A48-48B5-84B7-F78B929D9878}"
EndProject
Project("{FAE04EC0-301F-11D3-BF4B-00C04F79EFBC}") = "Dos.ORM", ".Net3.5\Dos.ORM\Dos.ORM.csproj", "{00276991-3686-4EC7-BEB8-680C21BCDAC5}"
EndProject
Project("{FAE04EC0-301F-11D3-BF4B-00C04F79EFBC}") = "Dos.ORM.NoSql", "Dos.ORM.NoSql\Dos.ORM.NoSql.csproj", "{68ECE3A9-015E-4D52-B828-68A0668FB8F2}"
EndProject
Project("{2150E333-8FDC-42A3-9474-1A3956D46DE8}") = "DNX.Core", "DNX.Core", "{30DE4D22-A3DD-41E5-94BD-2C2720D2E52A}"
EndProject
Global
	GlobalSection(SolutionConfigurationPlatforms) = preSolution
		Debug|Any CPU = Debug|Any CPU
		Release|Any CPU = Release|Any CPU
	EndGlobalSection
	GlobalSection(ProjectConfigurationPlatforms) = postSolution
		{4BEF1983-F275-4807-96EA-25B973BD6E94}.Debug|Any CPU.ActiveCfg = Debug|Any CPU
		{4BEF1983-F275-4807-96EA-25B973BD6E94}.Debug|Any CPU.Build.0 = Debug|Any CPU
		{4BEF1983-F275-4807-96EA-25B973BD6E94}.Release|Any CPU.ActiveCfg = Release|Any CPU
		{4BEF1983-F275-4807-96EA-25B973BD6E94}.Release|Any CPU.Build.0 = Release|Any CPU
		{54954798-4117-45FE-92F8-2B32A62E7FBC}.Debug|Any CPU.ActiveCfg = Debug|Any CPU
		{54954798-4117-45FE-92F8-2B32A62E7FBC}.Debug|Any CPU.Build.0 = Debug|Any CPU
		{54954798-4117-45FE-92F8-2B32A62E7FBC}.Release|Any CPU.ActiveCfg = Release|Any CPU
		{54954798-4117-45FE-92F8-2B32A62E7FBC}.Release|Any CPU.Build.0 = Release|Any CPU
		{7A0CBBA2-6322-4765-8A68-24AF58C24F79}.Debug|Any CPU.ActiveCfg = Debug|Any CPU
		{7A0CBBA2-6322-4765-8A68-24AF58C24F79}.Debug|Any CPU.Build.0 = Debug|Any CPU
		{7A0CBBA2-6322-4765-8A68-24AF58C24F79}.Release|Any CPU.ActiveCfg = Release|Any CPU
		{7A0CBBA2-6322-4765-8A68-24AF58C24F79}.Release|Any CPU.Build.0 = Release|Any CPU
		{480F951D-51F6-4A27-88CA-AF50E9EE3474}.Debug|Any CPU.ActiveCfg = Debug|Any CPU
		{480F951D-51F6-4A27-88CA-AF50E9EE3474}.Debug|Any CPU.Build.0 = Debug|Any CPU
		{480F951D-51F6-4A27-88CA-AF50E9EE3474}.Release|Any CPU.ActiveCfg = Release|Any CPU
		{480F951D-51F6-4A27-88CA-AF50E9EE3474}.Release|Any CPU.Build.0 = Release|Any CPU
		{EB7A463E-F934-4697-9081-68179A4A1BE1}.Debug|Any CPU.ActiveCfg = Debug|Any CPU
		{EB7A463E-F934-4697-9081-68179A4A1BE1}.Debug|Any CPU.Build.0 = Debug|Any CPU
		{EB7A463E-F934-4697-9081-68179A4A1BE1}.Release|Any CPU.ActiveCfg = Release|Any CPU
		{EB7A463E-F934-4697-9081-68179A4A1BE1}.Release|Any CPU.Build.0 = Release|Any CPU
		{657E4ECD-3CB3-4D79-9393-A2A774B78513}.Debug|Any CPU.ActiveCfg = Debug|Any CPU
		{657E4ECD-3CB3-4D79-9393-A2A774B78513}.Debug|Any CPU.Build.0 = Debug|Any CPU
		{657E4ECD-3CB3-4D79-9393-A2A774B78513}.Release|Any CPU.ActiveCfg = Release|Any CPU
		{657E4ECD-3CB3-4D79-9393-A2A774B78513}.Release|Any CPU.Build.0 = Release|Any CPU
		{4B475ED6-5540-42F5-AC03-640FA3F66376}.Debug|Any CPU.ActiveCfg = Debug|Any CPU
		{4B475ED6-5540-42F5-AC03-640FA3F66376}.Debug|Any CPU.Build.0 = Debug|Any CPU
		{4B475ED6-5540-42F5-AC03-640FA3F66376}.Release|Any CPU.ActiveCfg = Release|Any CPU
		{4B475ED6-5540-42F5-AC03-640FA3F66376}.Release|Any CPU.Build.0 = Release|Any CPU
		{8FDF9BF2-FFD2-419C-91BF-A6E4E7A38334}.Debug|Any CPU.ActiveCfg = Debug|Any CPU
		{8FDF9BF2-FFD2-419C-91BF-A6E4E7A38334}.Debug|Any CPU.Build.0 = Debug|Any CPU
		{8FDF9BF2-FFD2-419C-91BF-A6E4E7A38334}.Release|Any CPU.ActiveCfg = Release|Any CPU
		{8FDF9BF2-FFD2-419C-91BF-A6E4E7A38334}.Release|Any CPU.Build.0 = Release|Any CPU
		{86F95784-A739-41EF-9724-909126C11800}.Debug|Any CPU.ActiveCfg = Debug|Any CPU
		{86F95784-A739-41EF-9724-909126C11800}.Debug|Any CPU.Build.0 = Debug|Any CPU
		{86F95784-A739-41EF-9724-909126C11800}.Release|Any CPU.ActiveCfg = Release|Any CPU
		{86F95784-A739-41EF-9724-909126C11800}.Release|Any CPU.Build.0 = Release|Any CPU
		{5AA2EB95-E694-457A-807F-C65E2F7C4276}.Debug|Any CPU.ActiveCfg = Debug|Any CPU
		{5AA2EB95-E694-457A-807F-C65E2F7C4276}.Debug|Any CPU.Build.0 = Debug|Any CPU
		{5AA2EB95-E694-457A-807F-C65E2F7C4276}.Release|Any CPU.ActiveCfg = Release|Any CPU
		{5AA2EB95-E694-457A-807F-C65E2F7C4276}.Release|Any CPU.Build.0 = Release|Any CPU
		{8CA9AAC3-E22E-4861-8595-A7C8E41F1B3A}.Debug|Any CPU.ActiveCfg = Debug|Any CPU
		{8CA9AAC3-E22E-4861-8595-A7C8E41F1B3A}.Debug|Any CPU.Build.0 = Debug|Any CPU
		{8CA9AAC3-E22E-4861-8595-A7C8E41F1B3A}.Release|Any CPU.ActiveCfg = Release|Any CPU
		{8CA9AAC3-E22E-4861-8595-A7C8E41F1B3A}.Release|Any CPU.Build.0 = Release|Any CPU
		{A5EDCC9F-49E2-4E2C-AB27-2144093F6EF5}.Debug|Any CPU.ActiveCfg = Debug|Any CPU
		{A5EDCC9F-49E2-4E2C-AB27-2144093F6EF5}.Debug|Any CPU.Build.0 = Debug|Any CPU
		{A5EDCC9F-49E2-4E2C-AB27-2144093F6EF5}.Release|Any CPU.ActiveCfg = Release|Any CPU
		{A5EDCC9F-49E2-4E2C-AB27-2144093F6EF5}.Release|Any CPU.Build.0 = Release|Any CPU
		{CB0314A8-A758-43B1-A398-16BC8C9E4A1C}.Debug|Any CPU.ActiveCfg = Debug|Any CPU
		{CB0314A8-A758-43B1-A398-16BC8C9E4A1C}.Debug|Any CPU.Build.0 = Debug|Any CPU
		{CB0314A8-A758-43B1-A398-16BC8C9E4A1C}.Release|Any CPU.ActiveCfg = Release|Any CPU
		{CB0314A8-A758-43B1-A398-16BC8C9E4A1C}.Release|Any CPU.Build.0 = Release|Any CPU
		{DE14FAC8-0A48-48B5-84B7-F78B929D9878}.Debug|Any CPU.ActiveCfg = Debug|Any CPU
		{DE14FAC8-0A48-48B5-84B7-F78B929D9878}.Debug|Any CPU.Build.0 = Debug|Any CPU
		{DE14FAC8-0A48-48B5-84B7-F78B929D9878}.Release|Any CPU.ActiveCfg = Release|Any CPU
		{DE14FAC8-0A48-48B5-84B7-F78B929D9878}.Release|Any CPU.Build.0 = Release|Any CPU
		{00276991-3686-4EC7-BEB8-680C21BCDAC5}.Debug|Any CPU.ActiveCfg = Debug|Any CPU
		{00276991-3686-4EC7-BEB8-680C21BCDAC5}.Debug|Any CPU.Build.0 = Debug|Any CPU
		{00276991-3686-4EC7-BEB8-680C21BCDAC5}.Release|Any CPU.ActiveCfg = Release|Any CPU
		{00276991-3686-4EC7-BEB8-680C21BCDAC5}.Release|Any CPU.Build.0 = Release|Any CPU
		{68ECE3A9-015E-4D52-B828-68A0668FB8F2}.Debug|Any CPU.ActiveCfg = Debug|Any CPU
		{68ECE3A9-015E-4D52-B828-68A0668FB8F2}.Debug|Any CPU.Build.0 = Debug|Any CPU
		{68ECE3A9-015E-4D52-B828-68A0668FB8F2}.Release|Any CPU.ActiveCfg = Release|Any CPU
		{68ECE3A9-015E-4D52-B828-68A0668FB8F2}.Release|Any CPU.Build.0 = Release|Any CPU
	EndGlobalSection
	GlobalSection(SolutionProperties) = preSolution
		HideSolutionNode = FALSE
	EndGlobalSection
	GlobalSection(NestedProjects) = preSolution
		{480F951D-51F6-4A27-88CA-AF50E9EE3474} = {1ED5C027-1408-4E1D-822F-233F3B25C38D}
		{EB7A463E-F934-4697-9081-68179A4A1BE1} = {1ED5C027-1408-4E1D-822F-233F3B25C38D}
		{657E4ECD-3CB3-4D79-9393-A2A774B78513} = {1ED5C027-1408-4E1D-822F-233F3B25C38D}
		{4B475ED6-5540-42F5-AC03-640FA3F66376} = {FE2E38CF-146F-4E83-B668-0844C128021A}
		{8FDF9BF2-FFD2-419C-91BF-A6E4E7A38334} = {FE2E38CF-146F-4E83-B668-0844C128021A}
		{5AA2EB95-E694-457A-807F-C65E2F7C4276} = {FE2E38CF-146F-4E83-B668-0844C128021A}
		{8CA9AAC3-E22E-4861-8595-A7C8E41F1B3A} = {FE2E38CF-146F-4E83-B668-0844C128021A}
		{A5EDCC9F-49E2-4E2C-AB27-2144093F6EF5} = {FE2E38CF-146F-4E83-B668-0844C128021A}
		{CB0314A8-A758-43B1-A398-16BC8C9E4A1C} = {FE2E38CF-146F-4E83-B668-0844C128021A}
		{DE14FAC8-0A48-48B5-84B7-F78B929D9878} = {BB6C1E5E-4C7D-4514-80F1-35E1BFBFF16D}
		{00276991-3686-4EC7-BEB8-680C21BCDAC5} = {5C960AAC-476F-44BF-9D17-D540CCEEC4EB}
	EndGlobalSection
EndGlobal
